
Microsoft Visual Studio Solution File, Format Version 12.00
# Visual Studio Version 17
VisualStudioVersion = 17.9.34902.65
MinimumVisualStudioVersion = 10.0.40219.1
Project("{2150E333-8FDC-42A3-9474-1A3956D46DE8}") = "Creational", "Creational", "{4EBD2C69-8045-4852-9AFC-8FEE68B727CF}"
EndProject
Project("{2150E333-8FDC-42A3-9474-1A3956D46DE8}") = "Structural", "Structural", "{14840A4E-7B1F-4538-B05F-2FA57530D0AA}"
EndProject
Project("{2150E333-8FDC-42A3-9474-1A3956D46DE8}") = "Behavioral", "Behavioral", "{81B03039-B83D-4706-B645-CC16AC639937}"
EndProject
Project("{FAE04EC0-301F-11D3-BF4B-00C04F79EFBC}") = "DS.Observer", "Behavioral\DS.Observer\DS.Observer.csproj", "{1B2D7D2F-C5A6-4F92-BF8A-BFD508A4064A}"
EndProject
Project("{FAE04EC0-301F-11D3-BF4B-00C04F79EFBC}") = "DS.Command", "Behavioral\DS.Command\DS.Command.csproj", "{CE5CBD3C-F161-466F-BEE2-FB0D3D5B7868}"
EndProject
Project("{FAE04EC0-301F-11D3-BF4B-00C04F79EFBC}") = "DS.Strategy", "Behavioral\DS.Strategy\DS.Strategy.csproj", "{F3CBA58B-19F2-440A-B516-75967627AAA3}"
EndProject
Project("{FAE04EC0-301F-11D3-BF4B-00C04F79EFBC}") = "DS.Adapter", "Structural\DS.Adapter\DS.Adapter.csproj", "{F3A07E8E-DAF6-4F71-9872-97850E90D65E}"
EndProject
Project("{FAE04EC0-301F-11D3-BF4B-00C04F79EFBC}") = "DS.Decorator", "Structural\DS.Decorator\DS.Decorator.csproj", "{00784F38-B7DD-4069-AD2C-87A57FF86B5B}"
EndProject
Project("{FAE04EC0-301F-11D3-BF4B-00C04F79EFBC}") = "DS.Facade", "Structural\DS.Facade\DS.Facade.csproj", "{190B4B17-D280-40BA-991E-884D88C55F1A}"
EndProject
Project("{FAE04EC0-301F-11D3-BF4B-00C04F79EFBC}") = "DS.Bridge", "Structural\DS.Bridge\DS.Bridge.csproj", "{B36F4DF2-B3BF-47B4-9155-AB544487A1A8}"
EndProject
Project("{FAE04EC0-301F-11D3-BF4B-00C04F79EFBC}") = "DS.Singleton", "Creational\DS.Singleton\DS.Singleton.csproj", "{49D12B98-C7E8-4BC5-8E5F-E84242438E3D}"
EndProject
Project("{FAE04EC0-301F-11D3-BF4B-00C04F79EFBC}") = "DS.Factory", "Creational\DS.Factory\DS.Factory.csproj", "{36A996BE-4502-43B9-AEB1-4225A280AB76}"
EndProject
Project("{FAE04EC0-301F-11D3-BF4B-00C04F79EFBC}") = "DS.Builder", "Creational\DS.Builder\DS.Builder.csproj", "{62DA7C30-DF02-4136-A638-331AE628D0B7}"
EndProject
Project("{FAE04EC0-301F-11D3-BF4B-00C04F79EFBC}") = "DS.Mediator", "Behavioral\DS.Mediator\DS.Mediator.csproj", "{4D040B26-F10C-41FD-959B-B44D146CC17E}"
EndProject
Global
	GlobalSection(SolutionConfigurationPlatforms) = preSolution
		Debug|Any CPU = Debug|Any CPU
		Release|Any CPU = Release|Any CPU
	EndGlobalSection
	GlobalSection(ProjectConfigurationPlatforms) = postSolution
		{1B2D7D2F-C5A6-4F92-BF8A-BFD508A4064A}.Debug|Any CPU.ActiveCfg = Debug|Any CPU
		{1B2D7D2F-C5A6-4F92-BF8A-BFD508A4064A}.Debug|Any CPU.Build.0 = Debug|Any CPU
		{1B2D7D2F-C5A6-4F92-BF8A-BFD508A4064A}.Release|Any CPU.ActiveCfg = Release|Any CPU
		{1B2D7D2F-C5A6-4F92-BF8A-BFD508A4064A}.Release|Any CPU.Build.0 = Release|Any CPU
		{CE5CBD3C-F161-466F-BEE2-FB0D3D5B7868}.Debug|Any CPU.ActiveCfg = Debug|Any CPU
		{CE5CBD3C-F161-466F-BEE2-FB0D3D5B7868}.Debug|Any CPU.Build.0 = Debug|Any CPU
		{CE5CBD3C-F161-466F-BEE2-FB0D3D5B7868}.Release|Any CPU.ActiveCfg = Release|Any CPU
		{CE5CBD3C-F161-466F-BEE2-FB0D3D5B7868}.Release|Any CPU.Build.0 = Release|Any CPU
		{F3CBA58B-19F2-440A-B516-75967627AAA3}.Debug|Any CPU.ActiveCfg = Debug|Any CPU
		{F3CBA58B-19F2-440A-B516-75967627AAA3}.Debug|Any CPU.Build.0 = Debug|Any CPU
		{F3CBA58B-19F2-440A-B516-75967627AAA3}.Release|Any CPU.ActiveCfg = Release|Any CPU
		{F3CBA58B-19F2-440A-B516-75967627AAA3}.Release|Any CPU.Build.0 = Release|Any CPU
		{F3A07E8E-DAF6-4F71-9872-97850E90D65E}.Debug|Any CPU.ActiveCfg = Debug|Any CPU
		{F3A07E8E-DAF6-4F71-9872-97850E90D65E}.Debug|Any CPU.Build.0 = Debug|Any CPU
		{F3A07E8E-DAF6-4F71-9872-97850E90D65E}.Release|Any CPU.ActiveCfg = Release|Any CPU
		{F3A07E8E-DAF6-4F71-9872-97850E90D65E}.Release|Any CPU.Build.0 = Release|Any CPU
		{00784F38-B7DD-4069-AD2C-87A57FF86B5B}.Debug|Any CPU.ActiveCfg = Debug|Any CPU
		{00784F38-B7DD-4069-AD2C-87A57FF86B5B}.Debug|Any CPU.Build.0 = Debug|Any CPU
		{00784F38-B7DD-4069-AD2C-87A57FF86B5B}.Release|Any CPU.ActiveCfg = Release|Any CPU
		{00784F38-B7DD-4069-AD2C-87A57FF86B5B}.Release|Any CPU.Build.0 = Release|Any CPU
		{190B4B17-D280-40BA-991E-884D88C55F1A}.Debug|Any CPU.ActiveCfg = Debug|Any CPU
		{190B4B17-D280-40BA-991E-884D88C55F1A}.Debug|Any CPU.Build.0 = Debug|Any CPU
		{190B4B17-D280-40BA-991E-884D88C55F1A}.Release|Any CPU.ActiveCfg = Release|Any CPU
		{190B4B17-D280-40BA-991E-884D88C55F1A}.Release|Any CPU.Build.0 = Release|Any CPU
		{B36F4DF2-B3BF-47B4-9155-AB544487A1A8}.Debug|Any CPU.ActiveCfg = Debug|Any CPU
		{B36F4DF2-B3BF-47B4-9155-AB544487A1A8}.Debug|Any CPU.Build.0 = Debug|Any CPU
		{B36F4DF2-B3BF-47B4-9155-AB544487A1A8}.Release|Any CPU.ActiveCfg = Release|Any CPU
		{B36F4DF2-B3BF-47B4-9155-AB544487A1A8}.Release|Any CPU.Build.0 = Release|Any CPU
		{49D12B98-C7E8-4BC5-8E5F-E84242438E3D}.Debug|Any CPU.ActiveCfg = Debug|Any CPU
		{49D12B98-C7E8-4BC5-8E5F-E84242438E3D}.Debug|Any CPU.Build.0 = Debug|Any CPU
		{49D12B98-C7E8-4BC5-8E5F-E84242438E3D}.Release|Any CPU.ActiveCfg = Release|Any CPU
		{49D12B98-C7E8-4BC5-8E5F-E84242438E3D}.Release|Any CPU.Build.0 = Release|Any CPU
		{36A996BE-4502-43B9-AEB1-4225A280AB76}.Debug|Any CPU.ActiveCfg = Debug|Any CPU
		{36A996BE-4502-43B9-AEB1-4225A280AB76}.Debug|Any CPU.Build.0 = Debug|Any CPU
		{36A996BE-4502-43B9-AEB1-4225A280AB76}.Release|Any CPU.ActiveCfg = Release|Any CPU
		{36A996BE-4502-43B9-AEB1-4225A280AB76}.Release|Any CPU.Build.0 = Release|Any CPU
		{62DA7C30-DF02-4136-A638-331AE628D0B7}.Debug|Any CPU.ActiveCfg = Debug|Any CPU
		{62DA7C30-DF02-4136-A638-331AE628D0B7}.Debug|Any CPU.Build.0 = Debug|Any CPU
		{62DA7C30-DF02-4136-A638-331AE628D0B7}.Release|Any CPU.ActiveCfg = Release|Any CPU
		{62DA7C30-DF02-4136-A638-331AE628D0B7}.Release|Any CPU.Build.0 = Release|Any CPU
		{4D040B26-F10C-41FD-959B-B44D146CC17E}.Debug|Any CPU.ActiveCfg = Debug|Any CPU
		{4D040B26-F10C-41FD-959B-B44D146CC17E}.Debug|Any CPU.Build.0 = Debug|Any CPU
		{4D040B26-F10C-41FD-959B-B44D146CC17E}.Release|Any CPU.ActiveCfg = Release|Any CPU
		{4D040B26-F10C-41FD-959B-B44D146CC17E}.Release|Any CPU.Build.0 = Release|Any CPU
	EndGlobalSection
	GlobalSection(SolutionProperties) = preSolution
		HideSolutionNode = FALSE
	EndGlobalSection
	GlobalSection(NestedProjects) = preSolution
		{1B2D7D2F-C5A6-4F92-BF8A-BFD508A4064A} = {81B03039-B83D-4706-B645-CC16AC639937}
		{CE5CBD3C-F161-466F-BEE2-FB0D3D5B7868} = {81B03039-B83D-4706-B645-CC16AC639937}
		{F3CBA58B-19F2-440A-B516-75967627AAA3} = {81B03039-B83D-4706-B645-CC16AC639937}
		{F3A07E8E-DAF6-4F71-9872-97850E90D65E} = {14840A4E-7B1F-4538-B05F-2FA57530D0AA}
		{00784F38-B7DD-4069-AD2C-87A57FF86B5B} = {14840A4E-7B1F-4538-B05F-2FA57530D0AA}
		{190B4B17-D280-40BA-991E-884D88C55F1A} = {14840A4E-7B1F-4538-B05F-2FA57530D0AA}
		{B36F4DF2-B3BF-47B4-9155-AB544487A1A8} = {14840A4E-7B1F-4538-B05F-2FA57530D0AA}
		{49D12B98-C7E8-4BC5-8E5F-E84242438E3D} = {4EBD2C69-8045-4852-9AFC-8FEE68B727CF}
		{36A996BE-4502-43B9-AEB1-4225A280AB76} = {4EBD2C69-8045-4852-9AFC-8FEE68B727CF}
		{62DA7C30-DF02-4136-A638-331AE628D0B7} = {4EBD2C69-8045-4852-9AFC-8FEE68B727CF}
		{4D040B26-F10C-41FD-959B-B44D146CC17E} = {81B03039-B83D-4706-B645-CC16AC639937}
	EndGlobalSection
	GlobalSection(ExtensibilityGlobals) = postSolution
		SolutionGuid = {8A89B506-8B50-4D37-B9C4-CF316C13351C}
	EndGlobalSection
EndGlobal
